// !$*UTF8*$!
{
	archiveVersion = 1;
	classes = {
	};
	objectVersion = 52;
	objects = {

/* Begin PBXBuildFile section */
		F8AE38312750C737009840C1 /* User.swift in Sources */ = {isa = PBXBuildFile; fileRef = F8AE38302750C737009840C1 /* User.swift */; };
		F8B22714274E745200C2492B /* Alamofire.xcframework in Frameworks */ = {isa = PBXBuildFile; fileRef = F8B22709274E745200C2492B /* Alamofire.xcframework */; };
		F8B22715274E745200C2492B /* Alamofire.xcframework in Embed Frameworks */ = {isa = PBXBuildFile; fileRef = F8B22709274E745200C2492B /* Alamofire.xcframework */; settings = {ATTRIBUTES = (CodeSignOnCopy, RemoveHeadersOnCopy, ); }; };
		F8B22716274E745200C2492B /* RxSwift.xcframework in Frameworks */ = {isa = PBXBuildFile; fileRef = F8B2270A274E745200C2492B /* RxSwift.xcframework */; };
		F8B22717274E745200C2492B /* RxSwift.xcframework in Embed Frameworks */ = {isa = PBXBuildFile; fileRef = F8B2270A274E745200C2492B /* RxSwift.xcframework */; settings = {ATTRIBUTES = (CodeSignOnCopy, RemoveHeadersOnCopy, ); }; };
		F8B2271A274E745200C2492B /* RxCocoa.xcframework in Frameworks */ = {isa = PBXBuildFile; fileRef = F8B2270C274E745200C2492B /* RxCocoa.xcframework */; };
		F8B2271B274E745200C2492B /* RxCocoa.xcframework in Embed Frameworks */ = {isa = PBXBuildFile; fileRef = F8B2270C274E745200C2492B /* RxCocoa.xcframework */; settings = {ATTRIBUTES = (CodeSignOnCopy, RemoveHeadersOnCopy, ); }; };
		F8B2271C274E745200C2492B /* SwinjectStoryboard.xcframework in Frameworks */ = {isa = PBXBuildFile; fileRef = F8B2270D274E745200C2492B /* SwinjectStoryboard.xcframework */; };
		F8B2271D274E745200C2492B /* SwinjectStoryboard.xcframework in Embed Frameworks */ = {isa = PBXBuildFile; fileRef = F8B2270D274E745200C2492B /* SwinjectStoryboard.xcframework */; settings = {ATTRIBUTES = (CodeSignOnCopy, RemoveHeadersOnCopy, ); }; };
		F8B2271E274E745200C2492B /* SwiftDate.xcframework in Frameworks */ = {isa = PBXBuildFile; fileRef = F8B2270E274E745200C2492B /* SwiftDate.xcframework */; };
		F8B2271F274E745200C2492B /* SwiftDate.xcframework in Embed Frameworks */ = {isa = PBXBuildFile; fileRef = F8B2270E274E745200C2492B /* SwiftDate.xcframework */; settings = {ATTRIBUTES = (CodeSignOnCopy, RemoveHeadersOnCopy, ); }; };
		F8B22720274E745200C2492B /* Swinject.xcframework in Frameworks */ = {isa = PBXBuildFile; fileRef = F8B2270F274E745200C2492B /* Swinject.xcframework */; };
		F8B22721274E745200C2492B /* Swinject.xcframework in Embed Frameworks */ = {isa = PBXBuildFile; fileRef = F8B2270F274E745200C2492B /* Swinject.xcframework */; settings = {ATTRIBUTES = (CodeSignOnCopy, RemoveHeadersOnCopy, ); }; };
		F8B22722274E745200C2492B /* RxAlamofire.xcframework in Frameworks */ = {isa = PBXBuildFile; fileRef = F8B22710274E745200C2492B /* RxAlamofire.xcframework */; };
		F8B22723274E745200C2492B /* RxAlamofire.xcframework in Embed Frameworks */ = {isa = PBXBuildFile; fileRef = F8B22710274E745200C2492B /* RxAlamofire.xcframework */; settings = {ATTRIBUTES = (CodeSignOnCopy, RemoveHeadersOnCopy, ); }; };
		F8B22724274E745200C2492B /* RxRelay.xcframework in Frameworks */ = {isa = PBXBuildFile; fileRef = F8B22711274E745200C2492B /* RxRelay.xcframework */; };
		F8B22725274E745200C2492B /* RxRelay.xcframework in Embed Frameworks */ = {isa = PBXBuildFile; fileRef = F8B22711274E745200C2492B /* RxRelay.xcframework */; settings = {ATTRIBUTES = (CodeSignOnCopy, RemoveHeadersOnCopy, ); }; };
		F8B22728274E745200C2492B /* IQKeyboardManagerSwift.xcframework in Frameworks */ = {isa = PBXBuildFile; fileRef = F8B22713274E745200C2492B /* IQKeyboardManagerSwift.xcframework */; };
		F8B22729274E745200C2492B /* IQKeyboardManagerSwift.xcframework in Embed Frameworks */ = {isa = PBXBuildFile; fileRef = F8B22713274E745200C2492B /* IQKeyboardManagerSwift.xcframework */; settings = {ATTRIBUTES = (CodeSignOnCopy, RemoveHeadersOnCopy, ); }; };
		F8B22737274F005D00C2492B /* RxBlocking.xcframework in Frameworks */ = {isa = PBXBuildFile; fileRef = F8B22712274E745200C2492B /* RxBlocking.xcframework */; };
		F8B22738274F005E00C2492B /* RxCocoa.xcframework in Frameworks */ = {isa = PBXBuildFile; fileRef = F8B2270C274E745200C2492B /* RxCocoa.xcframework */; };
		F8B22739274F005E00C2492B /* RxSwift.xcframework in Frameworks */ = {isa = PBXBuildFile; fileRef = F8B2270A274E745200C2492B /* RxSwift.xcframework */; };
		F8B2273A274F005E00C2492B /* RxTest.xcframework in Frameworks */ = {isa = PBXBuildFile; fileRef = F8B2270B274E745200C2492B /* RxTest.xcframework */; };
		F8B2273B274F005E00C2492B /* SwiftDate.xcframework in Frameworks */ = {isa = PBXBuildFile; fileRef = F8B2270E274E745200C2492B /* SwiftDate.xcframework */; };
		F8B2275E274F2D4700C2492B /* cleanMVVMIntegrationTests.swift in Sources */ = {isa = PBXBuildFile; fileRef = F8B2275D274F2D4700C2492B /* cleanMVVMIntegrationTests.swift */; };
		F8B22765274F2F3600C2492B /* Alamofire.xcframework in Frameworks */ = {isa = PBXBuildFile; fileRef = F8B22709274E745200C2492B /* Alamofire.xcframework */; };
		F8B22766274F2F3600C2492B /* RxAlamofire.xcframework in Frameworks */ = {isa = PBXBuildFile; fileRef = F8B22710274E745200C2492B /* RxAlamofire.xcframework */; };
		F8B22767274F2F3600C2492B /* RxBlocking.xcframework in Frameworks */ = {isa = PBXBuildFile; fileRef = F8B22712274E745200C2492B /* RxBlocking.xcframework */; };
		F8B22768274F2F3600C2492B /* RxCocoa.xcframework in Frameworks */ = {isa = PBXBuildFile; fileRef = F8B2270C274E745200C2492B /* RxCocoa.xcframework */; };
		F8B22769274F2F3600C2492B /* RxSwift.xcframework in Frameworks */ = {isa = PBXBuildFile; fileRef = F8B2270A274E745200C2492B /* RxSwift.xcframework */; };
		F8B2276A274F2F3600C2492B /* RxTest.xcframework in Frameworks */ = {isa = PBXBuildFile; fileRef = F8B2270B274E745200C2492B /* RxTest.xcframework */; };
		F8B2276B274F2F3600C2492B /* SwiftDate.xcframework in Frameworks */ = {isa = PBXBuildFile; fileRef = F8B2270E274E745200C2492B /* SwiftDate.xcframework */; };
		F8DD42B1274DE3DA001C49B8 /* AppDelegate.swift in Sources */ = {isa = PBXBuildFile; fileRef = F8DD42B0274DE3DA001C49B8 /* AppDelegate.swift */; };
		F8DD42B3274DE3DA001C49B8 /* SceneDelegate.swift in Sources */ = {isa = PBXBuildFile; fileRef = F8DD42B2274DE3DA001C49B8 /* SceneDelegate.swift */; };
		F8DD42B5274DE3DA001C49B8 /* ViewController.swift in Sources */ = {isa = PBXBuildFile; fileRef = F8DD42B4274DE3DA001C49B8 /* ViewController.swift */; };
		F8DD42B8274DE3DA001C49B8 /* Main.storyboard in Resources */ = {isa = PBXBuildFile; fileRef = F8DD42B6274DE3DA001C49B8 /* Main.storyboard */; };
		F8DD42BA274DE3DF001C49B8 /* Assets.xcassets in Resources */ = {isa = PBXBuildFile; fileRef = F8DD42B9274DE3DF001C49B8 /* Assets.xcassets */; };
		F8DD42BD274DE3DF001C49B8 /* LaunchScreen.storyboard in Resources */ = {isa = PBXBuildFile; fileRef = F8DD42BB274DE3DF001C49B8 /* LaunchScreen.storyboard */; };
		F8DD42C8274DE3DF001C49B8 /* cleanMVVMTests.swift in Sources */ = {isa = PBXBuildFile; fileRef = F8DD42C7274DE3DF001C49B8 /* cleanMVVMTests.swift */; };
		F8DD42D3274DE3E0001C49B8 /* cleanMVVMUITests.swift in Sources */ = {isa = PBXBuildFile; fileRef = F8DD42D2274DE3E0001C49B8 /* cleanMVVMUITests.swift */; };
/* End PBXBuildFile section */

/* Begin PBXContainerItemProxy section */
		F8B22760274F2D4700C2492B /* PBXContainerItemProxy */ = {
			isa = PBXContainerItemProxy;
			containerPortal = F8DD42A5274DE3D9001C49B8 /* Project object */;
			proxyType = 1;
			remoteGlobalIDString = F8DD42AC274DE3D9001C49B8;
			remoteInfo = cleanMVVM;
		};
		F8DD42C4274DE3DF001C49B8 /* PBXContainerItemProxy */ = {
			isa = PBXContainerItemProxy;
			containerPortal = F8DD42A5274DE3D9001C49B8 /* Project object */;
			proxyType = 1;
			remoteGlobalIDString = F8DD42AC274DE3D9001C49B8;
			remoteInfo = cleanMVVM;
		};
		F8DD42CF274DE3E0001C49B8 /* PBXContainerItemProxy */ = {
			isa = PBXContainerItemProxy;
			containerPortal = F8DD42A5274DE3D9001C49B8 /* Project object */;
			proxyType = 1;
			remoteGlobalIDString = F8DD42AC274DE3D9001C49B8;
			remoteInfo = cleanMVVM;
		};
/* End PBXContainerItemProxy section */

/* Begin PBXCopyFilesBuildPhase section */
		F8B2272A274E745200C2492B /* Embed Frameworks */ = {
			isa = PBXCopyFilesBuildPhase;
			buildActionMask = 2147483647;
			dstPath = "";
			dstSubfolderSpec = 10;
			files = (
				F8B22723274E745200C2492B /* RxAlamofire.xcframework in Embed Frameworks */,
				F8B22715274E745200C2492B /* Alamofire.xcframework in Embed Frameworks */,
				F8B2271D274E745200C2492B /* SwinjectStoryboard.xcframework in Embed Frameworks */,
				F8B22725274E745200C2492B /* RxRelay.xcframework in Embed Frameworks */,
				F8B2271B274E745200C2492B /* RxCocoa.xcframework in Embed Frameworks */,
				F8B2271F274E745200C2492B /* SwiftDate.xcframework in Embed Frameworks */,
				F8B22721274E745200C2492B /* Swinject.xcframework in Embed Frameworks */,
				F8B22717274E745200C2492B /* RxSwift.xcframework in Embed Frameworks */,
				F8B22729274E745200C2492B /* IQKeyboardManagerSwift.xcframework in Embed Frameworks */,
			);
			name = "Embed Frameworks";
			runOnlyForDeploymentPostprocessing = 0;
		};
/* End PBXCopyFilesBuildPhase section */

/* Begin PBXFileReference section */
		F8AE38302750C737009840C1 /* User.swift */ = {isa = PBXFileReference; lastKnownFileType = sourcecode.swift; path = User.swift; sourceTree = "<group>"; };
		F8B22709274E745200C2492B /* Alamofire.xcframework */ = {isa = PBXFileReference; lastKnownFileType = wrapper.xcframework; name = Alamofire.xcframework; path = Carthage/Build/Alamofire.xcframework; sourceTree = "<group>"; };
		F8B2270A274E745200C2492B /* RxSwift.xcframework */ = {isa = PBXFileReference; lastKnownFileType = wrapper.xcframework; name = RxSwift.xcframework; path = Carthage/Build/RxSwift.xcframework; sourceTree = "<group>"; };
		F8B2270B274E745200C2492B /* RxTest.xcframework */ = {isa = PBXFileReference; lastKnownFileType = wrapper.xcframework; name = RxTest.xcframework; path = Carthage/Build/RxTest.xcframework; sourceTree = "<group>"; };
		F8B2270C274E745200C2492B /* RxCocoa.xcframework */ = {isa = PBXFileReference; lastKnownFileType = wrapper.xcframework; name = RxCocoa.xcframework; path = Carthage/Build/RxCocoa.xcframework; sourceTree = "<group>"; };
		F8B2270D274E745200C2492B /* SwinjectStoryboard.xcframework */ = {isa = PBXFileReference; lastKnownFileType = wrapper.xcframework; name = SwinjectStoryboard.xcframework; path = Carthage/Build/SwinjectStoryboard.xcframework; sourceTree = "<group>"; };
		F8B2270E274E745200C2492B /* SwiftDate.xcframework */ = {isa = PBXFileReference; lastKnownFileType = wrapper.xcframework; name = SwiftDate.xcframework; path = Carthage/Build/SwiftDate.xcframework; sourceTree = "<group>"; };
		F8B2270F274E745200C2492B /* Swinject.xcframework */ = {isa = PBXFileReference; lastKnownFileType = wrapper.xcframework; name = Swinject.xcframework; path = Carthage/Build/Swinject.xcframework; sourceTree = "<group>"; };
		F8B22710274E745200C2492B /* RxAlamofire.xcframework */ = {isa = PBXFileReference; lastKnownFileType = wrapper.xcframework; name = RxAlamofire.xcframework; path = Carthage/Build/RxAlamofire.xcframework; sourceTree = "<group>"; };
		F8B22711274E745200C2492B /* RxRelay.xcframework */ = {isa = PBXFileReference; lastKnownFileType = wrapper.xcframework; name = RxRelay.xcframework; path = Carthage/Build/RxRelay.xcframework; sourceTree = "<group>"; };
		F8B22712274E745200C2492B /* RxBlocking.xcframework */ = {isa = PBXFileReference; lastKnownFileType = wrapper.xcframework; name = RxBlocking.xcframework; path = Carthage/Build/RxBlocking.xcframework; sourceTree = "<group>"; };
		F8B22713274E745200C2492B /* IQKeyboardManagerSwift.xcframework */ = {isa = PBXFileReference; lastKnownFileType = wrapper.xcframework; name = IQKeyboardManagerSwift.xcframework; path = Carthage/Build/IQKeyboardManagerSwift.xcframework; sourceTree = "<group>"; };
		F8B2275B274F2D4600C2492B /* cleanMVVMIntegrationTests.xctest */ = {isa = PBXFileReference; explicitFileType = wrapper.cfbundle; includeInIndex = 0; path = cleanMVVMIntegrationTests.xctest; sourceTree = BUILT_PRODUCTS_DIR; };
		F8B2275D274F2D4700C2492B /* cleanMVVMIntegrationTests.swift */ = {isa = PBXFileReference; lastKnownFileType = sourcecode.swift; path = cleanMVVMIntegrationTests.swift; sourceTree = "<group>"; };
		F8B2275F274F2D4700C2492B /* Info.plist */ = {isa = PBXFileReference; lastKnownFileType = text.plist.xml; path = Info.plist; sourceTree = "<group>"; };
		F8DD42AD274DE3DA001C49B8 /* cleanMVVM.app */ = {isa = PBXFileReference; explicitFileType = wrapper.application; includeInIndex = 0; path = cleanMVVM.app; sourceTree = BUILT_PRODUCTS_DIR; };
		F8DD42B0274DE3DA001C49B8 /* AppDelegate.swift */ = {isa = PBXFileReference; lastKnownFileType = sourcecode.swift; path = AppDelegate.swift; sourceTree = "<group>"; };
		F8DD42B2274DE3DA001C49B8 /* SceneDelegate.swift */ = {isa = PBXFileReference; lastKnownFileType = sourcecode.swift; path = SceneDelegate.swift; sourceTree = "<group>"; };
		F8DD42B4274DE3DA001C49B8 /* ViewController.swift */ = {isa = PBXFileReference; lastKnownFileType = sourcecode.swift; path = ViewController.swift; sourceTree = "<group>"; };
		F8DD42B7274DE3DA001C49B8 /* Base */ = {isa = PBXFileReference; lastKnownFileType = file.storyboard; name = Base; path = Base.lproj/Main.storyboard; sourceTree = "<group>"; };
		F8DD42B9274DE3DF001C49B8 /* Assets.xcassets */ = {isa = PBXFileReference; lastKnownFileType = folder.assetcatalog; path = Assets.xcassets; sourceTree = "<group>"; };
		F8DD42BC274DE3DF001C49B8 /* Base */ = {isa = PBXFileReference; lastKnownFileType = file.storyboard; name = Base; path = Base.lproj/LaunchScreen.storyboard; sourceTree = "<group>"; };
		F8DD42BE274DE3DF001C49B8 /* Info.plist */ = {isa = PBXFileReference; lastKnownFileType = text.plist.xml; path = Info.plist; sourceTree = "<group>"; };
		F8DD42C3274DE3DF001C49B8 /* cleanMVVMTests.xctest */ = {isa = PBXFileReference; explicitFileType = wrapper.cfbundle; includeInIndex = 0; path = cleanMVVMTests.xctest; sourceTree = BUILT_PRODUCTS_DIR; };
		F8DD42C7274DE3DF001C49B8 /* cleanMVVMTests.swift */ = {isa = PBXFileReference; lastKnownFileType = sourcecode.swift; path = cleanMVVMTests.swift; sourceTree = "<group>"; };
		F8DD42C9274DE3DF001C49B8 /* Info.plist */ = {isa = PBXFileReference; lastKnownFileType = text.plist.xml; path = Info.plist; sourceTree = "<group>"; };
		F8DD42CE274DE3E0001C49B8 /* cleanMVVMUITests.xctest */ = {isa = PBXFileReference; explicitFileType = wrapper.cfbundle; includeInIndex = 0; path = cleanMVVMUITests.xctest; sourceTree = BUILT_PRODUCTS_DIR; };
		F8DD42D2274DE3E0001C49B8 /* cleanMVVMUITests.swift */ = {isa = PBXFileReference; lastKnownFileType = sourcecode.swift; path = cleanMVVMUITests.swift; sourceTree = "<group>"; };
		F8DD42D4274DE3E0001C49B8 /* Info.plist */ = {isa = PBXFileReference; lastKnownFileType = text.plist.xml; path = Info.plist; sourceTree = "<group>"; };
/* End PBXFileReference section */

/* Begin PBXFrameworksBuildPhase section */
		F8B22758274F2D4600C2492B /* Frameworks */ = {
			isa = PBXFrameworksBuildPhase;
			buildActionMask = 2147483647;
			files = (
				F8B22765274F2F3600C2492B /* Alamofire.xcframework in Frameworks */,
				F8B22766274F2F3600C2492B /* RxAlamofire.xcframework in Frameworks */,
				F8B22767274F2F3600C2492B /* RxBlocking.xcframework in Frameworks */,
				F8B22768274F2F3600C2492B /* RxCocoa.xcframework in Frameworks */,
				F8B22769274F2F3600C2492B /* RxSwift.xcframework in Frameworks */,
				F8B2276A274F2F3600C2492B /* RxTest.xcframework in Frameworks */,
				F8B2276B274F2F3600C2492B /* SwiftDate.xcframework in Frameworks */,
			);
			runOnlyForDeploymentPostprocessing = 0;
		};
		F8DD42AA274DE3D9001C49B8 /* Frameworks */ = {
			isa = PBXFrameworksBuildPhase;
			buildActionMask = 2147483647;
			files = (
				F8B22722274E745200C2492B /* RxAlamofire.xcframework in Frameworks */,
				F8B22714274E745200C2492B /* Alamofire.xcframework in Frameworks */,
				F8B2271C274E745200C2492B /* SwinjectStoryboard.xcframework in Frameworks */,
				F8B22724274E745200C2492B /* RxRelay.xcframework in Frameworks */,
				F8B2271A274E745200C2492B /* RxCocoa.xcframework in Frameworks */,
				F8B2271E274E745200C2492B /* SwiftDate.xcframework in Frameworks */,
				F8B22720274E745200C2492B /* Swinject.xcframework in Frameworks */,
				F8B22716274E745200C2492B /* RxSwift.xcframework in Frameworks */,
				F8B22728274E745200C2492B /* IQKeyboardManagerSwift.xcframework in Frameworks */,
			);
			runOnlyForDeploymentPostprocessing = 0;
		};
		F8DD42C0274DE3DF001C49B8 /* Frameworks */ = {
			isa = PBXFrameworksBuildPhase;
			buildActionMask = 2147483647;
			files = (
				F8B22737274F005D00C2492B /* RxBlocking.xcframework in Frameworks */,
				F8B22738274F005E00C2492B /* RxCocoa.xcframework in Frameworks */,
				F8B22739274F005E00C2492B /* RxSwift.xcframework in Frameworks */,
				F8B2273A274F005E00C2492B /* RxTest.xcframework in Frameworks */,
				F8B2273B274F005E00C2492B /* SwiftDate.xcframework in Frameworks */,
			);
			runOnlyForDeploymentPostprocessing = 0;
		};
		F8DD42CB274DE3E0001C49B8 /* Frameworks */ = {
			isa = PBXFrameworksBuildPhase;
			buildActionMask = 2147483647;
			files = (
			);
			runOnlyForDeploymentPostprocessing = 0;
		};
/* End PBXFrameworksBuildPhase section */

/* Begin PBXGroup section */
		F8AE382D2750C5CF009840C1 /* Views */ = {
			isa = PBXGroup;
			children = (
			);
			path = Views;
			sourceTree = "<group>";
		};
		F8B22708274E745100C2492B /* Frameworks */ = {
			isa = PBXGroup;
			children = (
				F8B22709274E745200C2492B /* Alamofire.xcframework */,
				F8B22713274E745200C2492B /* IQKeyboardManagerSwift.xcframework */,
				F8B22710274E745200C2492B /* RxAlamofire.xcframework */,
				F8B22712274E745200C2492B /* RxBlocking.xcframework */,
				F8B2270C274E745200C2492B /* RxCocoa.xcframework */,
				F8B22711274E745200C2492B /* RxRelay.xcframework */,
				F8B2270A274E745200C2492B /* RxSwift.xcframework */,
				F8B2270B274E745200C2492B /* RxTest.xcframework */,
				F8B2270E274E745200C2492B /* SwiftDate.xcframework */,
				F8B2270F274E745200C2492B /* Swinject.xcframework */,
				F8B2270D274E745200C2492B /* SwinjectStoryboard.xcframework */,
			);
			name = Frameworks;
			sourceTree = "<group>";
		};
		F8B2275C274F2D4700C2492B /* cleanMVVMIntegrationTests */ = {
			isa = PBXGroup;
			children = (
				F8B2275D274F2D4700C2492B /* cleanMVVMIntegrationTests.swift */,
				F8B2275F274F2D4700C2492B /* Info.plist */,
			);
			path = cleanMVVMIntegrationTests;
			sourceTree = "<group>";
		};
		F8B2276C274F311800C2492B /* ViewModels */ = {
			isa = PBXGroup;
			children = (
			);
			path = ViewModels;
			sourceTree = "<group>";
		};
		F8B2276D274F7CAF00C2492B /* Entities */ = {
			isa = PBXGroup;
			children = (
				F8AE38302750C737009840C1 /* User.swift */,
			);
			path = Entities;
			sourceTree = "<group>";
		};
		F8B2276E274F7CB600C2492B /* Use Cases */ = {
			isa = PBXGroup;
			children = (
			);
			path = "Use Cases";
			sourceTree = "<group>";
		};
		F8B2276F274F840700C2492B /* DTOs */ = {
			isa = PBXGroup;
			children = (
			);
			path = DTOs;
			sourceTree = "<group>";
		};
		F8B22770274F842200C2492B /* DTOs */ = {
			isa = PBXGroup;
			children = (
			);
			path = DTOs;
			sourceTree = "<group>";
		};
		F8B22771274F842A00C2492B /* InterfaceAdapters */ = {
			isa = PBXGroup;
			children = (
			);
			path = InterfaceAdapters;
			sourceTree = "<group>";
		};
		F8D025B3274DF6F300443798 /* Presentation */ = {
			isa = PBXGroup;
			children = (
				F8B2276F274F840700C2492B /* DTOs */,
				F8B2276C274F311800C2492B /* ViewModels */,
				F8D025B4274DF70E00443798 /* Storyboards */,
				F8D025B5274DF77B00443798 /* ViewControllers */,
				F8AE382D2750C5CF009840C1 /* Views */,
				F8DD42B0274DE3DA001C49B8 /* AppDelegate.swift */,
				F8DD42B2274DE3DA001C49B8 /* SceneDelegate.swift */,
			);
			path = Presentation;
			sourceTree = "<group>";
		};
		F8D025B4274DF70E00443798 /* Storyboards */ = {
			isa = PBXGroup;
			children = (
				F8DD42B6274DE3DA001C49B8 /* Main.storyboard */,
				F8DD42BB274DE3DF001C49B8 /* LaunchScreen.storyboard */,
			);
			path = Storyboards;
			sourceTree = "<group>";
		};
		F8D025B5274DF77B00443798 /* ViewControllers */ = {
			isa = PBXGroup;
			children = (
				F8DD42B4274DE3DA001C49B8 /* ViewController.swift */,
			);
			path = ViewControllers;
			sourceTree = "<group>";
		};
		F8D025B6274E437300443798 /* Domain */ = {
			isa = PBXGroup;
			children = (
				F8B2276E274F7CB600C2492B /* Use Cases */,
				F8B2276D274F7CAF00C2492B /* Entities */,
			);
			path = Domain;
			sourceTree = "<group>";
		};
		F8D025B7274E437A00443798 /* Data */ = {
			isa = PBXGroup;
			children = (
				F8B22771274F842A00C2492B /* InterfaceAdapters */,
				F8B22770274F842200C2492B /* DTOs */,
			);
			path = Data;
			sourceTree = "<group>";
		};
		F8DD42A4274DE3D9001C49B8 = {
			isa = PBXGroup;
			children = (
				F8DD42AF274DE3DA001C49B8 /* cleanMVVM */,
				F8DD42C6274DE3DF001C49B8 /* cleanMVVMTests */,
				F8DD42D1274DE3E0001C49B8 /* cleanMVVMUITests */,
				F8B2275C274F2D4700C2492B /* cleanMVVMIntegrationTests */,
				F8DD42AE274DE3DA001C49B8 /* Products */,
				F8B22708274E745100C2492B /* Frameworks */,
			);
			sourceTree = "<group>";
		};
		F8DD42AE274DE3DA001C49B8 /* Products */ = {
			isa = PBXGroup;
			children = (
				F8DD42AD274DE3DA001C49B8 /* cleanMVVM.app */,
				F8DD42C3274DE3DF001C49B8 /* cleanMVVMTests.xctest */,
				F8DD42CE274DE3E0001C49B8 /* cleanMVVMUITests.xctest */,
				F8B2275B274F2D4600C2492B /* cleanMVVMIntegrationTests.xctest */,
			);
			name = Products;
			sourceTree = "<group>";
		};
		F8DD42AF274DE3DA001C49B8 /* cleanMVVM */ = {
			isa = PBXGroup;
			children = (
				F8D025B7274E437A00443798 /* Data */,
				F8D025B6274E437300443798 /* Domain */,
				F8D025B3274DF6F300443798 /* Presentation */,
				F8DD42B9274DE3DF001C49B8 /* Assets.xcassets */,
				F8DD42BE274DE3DF001C49B8 /* Info.plist */,
			);
			path = cleanMVVM;
			sourceTree = "<group>";
		};
		F8DD42C6274DE3DF001C49B8 /* cleanMVVMTests */ = {
			isa = PBXGroup;
			children = (
				F8DD42C7274DE3DF001C49B8 /* cleanMVVMTests.swift */,
				F8DD42C9274DE3DF001C49B8 /* Info.plist */,
			);
			path = cleanMVVMTests;
			sourceTree = "<group>";
		};
		F8DD42D1274DE3E0001C49B8 /* cleanMVVMUITests */ = {
			isa = PBXGroup;
			children = (
				F8DD42D2274DE3E0001C49B8 /* cleanMVVMUITests.swift */,
				F8DD42D4274DE3E0001C49B8 /* Info.plist */,
			);
			path = cleanMVVMUITests;
			sourceTree = "<group>";
		};
/* End PBXGroup section */

/* Begin PBXNativeTarget section */
		F8B2275A274F2D4600C2492B /* cleanMVVMIntegrationTests */ = {
			isa = PBXNativeTarget;
			buildConfigurationList = F8B22762274F2D4700C2492B /* Build configuration list for PBXNativeTarget "cleanMVVMIntegrationTests" */;
			buildPhases = (
				F8B22757274F2D4600C2492B /* Sources */,
				F8B22758274F2D4600C2492B /* Frameworks */,
				F8B22759274F2D4600C2492B /* Resources */,
			);
			buildRules = (
			);
			dependencies = (
				F8B22761274F2D4700C2492B /* PBXTargetDependency */,
			);
			name = cleanMVVMIntegrationTests;
			productName = cleanMVVMIntegrationTests;
			productReference = F8B2275B274F2D4600C2492B /* cleanMVVMIntegrationTests.xctest */;
			productType = "com.apple.product-type.bundle.unit-test";
		};
		F8DD42AC274DE3D9001C49B8 /* cleanMVVM */ = {
			isa = PBXNativeTarget;
			buildConfigurationList = F8DD42D7274DE3E0001C49B8 /* Build configuration list for PBXNativeTarget "cleanMVVM" */;
			buildPhases = (
				F8DD42A9274DE3D9001C49B8 /* Sources */,
				F8DD42AA274DE3D9001C49B8 /* Frameworks */,
				F8DD42AB274DE3D9001C49B8 /* Resources */,
				F8B2272A274E745200C2492B /* Embed Frameworks */,
			);
			buildRules = (
			);
			dependencies = (
			);
			name = cleanMVVM;
			productName = cleanMVVM;
			productReference = F8DD42AD274DE3DA001C49B8 /* cleanMVVM.app */;
			productType = "com.apple.product-type.application";
		};
		F8DD42C2274DE3DF001C49B8 /* cleanMVVMTests */ = {
			isa = PBXNativeTarget;
			buildConfigurationList = F8DD42DA274DE3E0001C49B8 /* Build configuration list for PBXNativeTarget "cleanMVVMTests" */;
			buildPhases = (
				F8DD42BF274DE3DF001C49B8 /* Sources */,
				F8DD42C0274DE3DF001C49B8 /* Frameworks */,
				F8DD42C1274DE3DF001C49B8 /* Resources */,
			);
			buildRules = (
			);
			dependencies = (
				F8DD42C5274DE3DF001C49B8 /* PBXTargetDependency */,
			);
			name = cleanMVVMTests;
			productName = cleanMVVMTests;
			productReference = F8DD42C3274DE3DF001C49B8 /* cleanMVVMTests.xctest */;
			productType = "com.apple.product-type.bundle.unit-test";
		};
		F8DD42CD274DE3E0001C49B8 /* cleanMVVMUITests */ = {
			isa = PBXNativeTarget;
			buildConfigurationList = F8DD42DD274DE3E0001C49B8 /* Build configuration list for PBXNativeTarget "cleanMVVMUITests" */;
			buildPhases = (
				F8DD42CA274DE3E0001C49B8 /* Sources */,
				F8DD42CB274DE3E0001C49B8 /* Frameworks */,
				F8DD42CC274DE3E0001C49B8 /* Resources */,
			);
			buildRules = (
			);
			dependencies = (
				F8DD42D0274DE3E0001C49B8 /* PBXTargetDependency */,
			);
			name = cleanMVVMUITests;
			productName = cleanMVVMUITests;
			productReference = F8DD42CE274DE3E0001C49B8 /* cleanMVVMUITests.xctest */;
			productType = "com.apple.product-type.bundle.ui-testing";
		};
/* End PBXNativeTarget section */

/* Begin PBXProject section */
		F8DD42A5274DE3D9001C49B8 /* Project object */ = {
			isa = PBXProject;
			attributes = {
				LastSwiftUpdateCheck = 1250;
				LastUpgradeCheck = 1250;
				TargetAttributes = {
					F8B2275A274F2D4600C2492B = {
						CreatedOnToolsVersion = 12.5.1;
						TestTargetID = F8DD42AC274DE3D9001C49B8;
					};
					F8DD42AC274DE3D9001C49B8 = {
						CreatedOnToolsVersion = 12.5.1;
					};
					F8DD42C2274DE3DF001C49B8 = {
						CreatedOnToolsVersion = 12.5.1;
						TestTargetID = F8DD42AC274DE3D9001C49B8;
					};
					F8DD42CD274DE3E0001C49B8 = {
						CreatedOnToolsVersion = 12.5.1;
						TestTargetID = F8DD42AC274DE3D9001C49B8;
					};
				};
			};
			buildConfigurationList = F8DD42A8274DE3D9001C49B8 /* Build configuration list for PBXProject "cleanMVVM" */;
			compatibilityVersion = "Xcode 9.3";
			developmentRegion = en;
			hasScannedForEncodings = 0;
			knownRegions = (
				en,
				Base,
			);
			mainGroup = F8DD42A4274DE3D9001C49B8;
			productRefGroup = F8DD42AE274DE3DA001C49B8 /* Products */;
			projectDirPath = "";
			projectRoot = "";
			targets = (
				F8DD42AC274DE3D9001C49B8 /* cleanMVVM */,
				F8DD42C2274DE3DF001C49B8 /* cleanMVVMTests */,
				F8B2275A274F2D4600C2492B /* cleanMVVMIntegrationTests */,
				F8DD42CD274DE3E0001C49B8 /* cleanMVVMUITests */,
			);
		};
/* End PBXProject section */

/* Begin PBXResourcesBuildPhase section */
		F8B22759274F2D4600C2492B /* Resources */ = {
			isa = PBXResourcesBuildPhase;
			buildActionMask = 2147483647;
			files = (
			);
			runOnlyForDeploymentPostprocessing = 0;
		};
		F8DD42AB274DE3D9001C49B8 /* Resources */ = {
			isa = PBXResourcesBuildPhase;
			buildActionMask = 2147483647;
			files = (
				F8DD42BD274DE3DF001C49B8 /* LaunchScreen.storyboard in Resources */,
				F8DD42BA274DE3DF001C49B8 /* Assets.xcassets in Resources */,
				F8DD42B8274DE3DA001C49B8 /* Main.storyboard in Resources */,
			);
			runOnlyForDeploymentPostprocessing = 0;
		};
		F8DD42C1274DE3DF001C49B8 /* Resources */ = {
			isa = PBXResourcesBuildPhase;
			buildActionMask = 2147483647;
			files = (
			);
			runOnlyForDeploymentPostprocessing = 0;
		};
		F8DD42CC274DE3E0001C49B8 /* Resources */ = {
			isa = PBXResourcesBuildPhase;
			buildActionMask = 2147483647;
			files = (
			);
			runOnlyForDeploymentPostprocessing = 0;
		};
/* End PBXResourcesBuildPhase section */

/* Begin PBXSourcesBuildPhase section */
		F8B22757274F2D4600C2492B /* Sources */ = {
			isa = PBXSourcesBuildPhase;
			buildActionMask = 2147483647;
			files = (
				F8B2275E274F2D4700C2492B /* cleanMVVMIntegrationTests.swift in Sources */,
			);
			runOnlyForDeploymentPostprocessing = 0;
		};
		F8DD42A9274DE3D9001C49B8 /* Sources */ = {
			isa = PBXSourcesBuildPhase;
			buildActionMask = 2147483647;
			files = (
				F8DD42B5274DE3DA001C49B8 /* ViewController.swift in Sources */,
				F8DD42B1274DE3DA001C49B8 /* AppDelegate.swift in Sources */,
				F8DD42B3274DE3DA001C49B8 /* SceneDelegate.swift in Sources */,
				F8AE38312750C737009840C1 /* User.swift in Sources */,
			);
			runOnlyForDeploymentPostprocessing = 0;
		};
		F8DD42BF274DE3DF001C49B8 /* Sources */ = {
			isa = PBXSourcesBuildPhase;
			buildActionMask = 2147483647;
			files = (
				F8DD42C8274DE3DF001C49B8 /* cleanMVVMTests.swift in Sources */,
			);
			runOnlyForDeploymentPostprocessing = 0;
		};
		F8DD42CA274DE3E0001C49B8 /* Sources */ = {
			isa = PBXSourcesBuildPhase;
			buildActionMask = 2147483647;
			files = (
				F8DD42D3274DE3E0001C49B8 /* cleanMVVMUITests.swift in Sources */,
			);
			runOnlyForDeploymentPostprocessing = 0;
		};
/* End PBXSourcesBuildPhase section */

/* Begin PBXTargetDependency section */
		F8B22761274F2D4700C2492B /* PBXTargetDependency */ = {
			isa = PBXTargetDependency;
			target = F8DD42AC274DE3D9001C49B8 /* cleanMVVM */;
			targetProxy = F8B22760274F2D4700C2492B /* PBXContainerItemProxy */;
		};
		F8DD42C5274DE3DF001C49B8 /* PBXTargetDependency */ = {
			isa = PBXTargetDependency;
			target = F8DD42AC274DE3D9001C49B8 /* cleanMVVM */;
			targetProxy = F8DD42C4274DE3DF001C49B8 /* PBXContainerItemProxy */;
		};
		F8DD42D0274DE3E0001C49B8 /* PBXTargetDependency */ = {
			isa = PBXTargetDependency;
			target = F8DD42AC274DE3D9001C49B8 /* cleanMVVM */;
			targetProxy = F8DD42CF274DE3E0001C49B8 /* PBXContainerItemProxy */;
		};
/* End PBXTargetDependency section */

/* Begin PBXVariantGroup section */
		F8DD42B6274DE3DA001C49B8 /* Main.storyboard */ = {
			isa = PBXVariantGroup;
			children = (
				F8DD42B7274DE3DA001C49B8 /* Base */,
			);
			name = Main.storyboard;
			sourceTree = "<group>";
		};
		F8DD42BB274DE3DF001C49B8 /* LaunchScreen.storyboard */ = {
			isa = PBXVariantGroup;
			children = (
				F8DD42BC274DE3DF001C49B8 /* Base */,
			);
			name = LaunchScreen.storyboard;
			sourceTree = "<group>";
		};
/* End PBXVariantGroup section */

/* Begin XCBuildConfiguration section */
		F8B22763274F2D4700C2492B /* Debug */ = {
			isa = XCBuildConfiguration;
			buildSettings = {
				BUNDLE_LOADER = "$(TEST_HOST)";
				CODE_SIGN_STYLE = Automatic;
				DEVELOPMENT_TEAM = 49SB9U967X;
				INFOPLIST_FILE = cleanMVVMIntegrationTests/Info.plist;
				LD_RUNPATH_SEARCH_PATHS = (
					"$(inherited)",
					"@executable_path/Frameworks",
					"@loader_path/Frameworks",
				);
				PRODUCT_BUNDLE_IDENTIFIER = com.zeroxpstudio.cleanMVVMIntegrationTests;
				PRODUCT_NAME = "$(TARGET_NAME)";
				SWIFT_VERSION = 5.0;
				TARGETED_DEVICE_FAMILY = "1,2";
				TEST_HOST = "$(BUILT_PRODUCTS_DIR)/cleanMVVM.app/cleanMVVM";
			};
			name = Debug;
		};
		F8B22764274F2D4700C2492B /* Release */ = {
			isa = XCBuildConfiguration;
			buildSettings = {
				BUNDLE_LOADER = "$(TEST_HOST)";
				CODE_SIGN_STYLE = Automatic;
				DEVELOPMENT_TEAM = 49SB9U967X;
				INFOPLIST_FILE = cleanMVVMIntegrationTests/Info.plist;
				LD_RUNPATH_SEARCH_PATHS = (
					"$(inherited)",
					"@executable_path/Frameworks",
					"@loader_path/Frameworks",
				);
				PRODUCT_BUNDLE_IDENTIFIER = com.zeroxpstudio.cleanMVVMIntegrationTests;
				PRODUCT_NAME = "$(TARGET_NAME)";
				SWIFT_VERSION = 5.0;
				TARGETED_DEVICE_FAMILY = "1,2";
				TEST_HOST = "$(BUILT_PRODUCTS_DIR)/cleanMVVM.app/cleanMVVM";
			};
			name = Release;
		};
		F8DD42D5274DE3E0001C49B8 /* Debug */ = {
			isa = XCBuildConfiguration;
			buildSettings = {
				ALWAYS_SEARCH_USER_PATHS = NO;
				CLANG_ANALYZER_NONNULL = YES;
				CLANG_ANALYZER_NUMBER_OBJECT_CONVERSION = YES_AGGRESSIVE;
				CLANG_CXX_LANGUAGE_STANDARD = "gnu++14";
				CLANG_CXX_LIBRARY = "libc++";
				CLANG_ENABLE_MODULES = YES;
				CLANG_ENABLE_OBJC_ARC = YES;
				CLANG_ENABLE_OBJC_WEAK = YES;
				CLANG_WARN_BLOCK_CAPTURE_AUTORELEASING = YES;
				CLANG_WARN_BOOL_CONVERSION = YES;
				CLANG_WARN_COMMA = YES;
				CLANG_WARN_CONSTANT_CONVERSION = YES;
				CLANG_WARN_DEPRECATED_OBJC_IMPLEMENTATIONS = YES;
				CLANG_WARN_DIRECT_OBJC_ISA_USAGE = YES_ERROR;
				CLANG_WARN_DOCUMENTATION_COMMENTS = YES;
				CLANG_WARN_EMPTY_BODY = YES;
				CLANG_WARN_ENUM_CONVERSION = YES;
				CLANG_WARN_INFINITE_RECURSION = YES;
				CLANG_WARN_INT_CONVERSION = YES;
				CLANG_WARN_NON_LITERAL_NULL_CONVERSION = YES;
				CLANG_WARN_OBJC_IMPLICIT_RETAIN_SELF = YES;
				CLANG_WARN_OBJC_LITERAL_CONVERSION = YES;
				CLANG_WARN_OBJC_ROOT_CLASS = YES_ERROR;
				CLANG_WARN_QUOTED_INCLUDE_IN_FRAMEWORK_HEADER = YES;
				CLANG_WARN_RANGE_LOOP_ANALYSIS = YES;
				CLANG_WARN_STRICT_PROTOTYPES = YES;
				CLANG_WARN_SUSPICIOUS_MOVE = YES;
				CLANG_WARN_UNGUARDED_AVAILABILITY = YES_AGGRESSIVE;
				CLANG_WARN_UNREACHABLE_CODE = YES;
				CLANG_WARN__DUPLICATE_METHOD_MATCH = YES;
				COPY_PHASE_STRIP = NO;
				DEBUG_INFORMATION_FORMAT = dwarf;
				ENABLE_STRICT_OBJC_MSGSEND = YES;
				ENABLE_TESTABILITY = YES;
				GCC_C_LANGUAGE_STANDARD = gnu11;
				GCC_DYNAMIC_NO_PIC = NO;
				GCC_NO_COMMON_BLOCKS = YES;
				GCC_OPTIMIZATION_LEVEL = 0;
				GCC_PREPROCESSOR_DEFINITIONS = (
					"DEBUG=1",
					"$(inherited)",
				);
				GCC_WARN_64_TO_32_BIT_CONVERSION = YES;
				GCC_WARN_ABOUT_RETURN_TYPE = YES_ERROR;
				GCC_WARN_UNDECLARED_SELECTOR = YES;
				GCC_WARN_UNINITIALIZED_AUTOS = YES_AGGRESSIVE;
				GCC_WARN_UNUSED_FUNCTION = YES;
				GCC_WARN_UNUSED_VARIABLE = YES;
				IPHONEOS_DEPLOYMENT_TARGET = 14.5;
				MTL_ENABLE_DEBUG_INFO = INCLUDE_SOURCE;
				MTL_FAST_MATH = YES;
				ONLY_ACTIVE_ARCH = YES;
				SDKROOT = iphoneos;
				SWIFT_ACTIVE_COMPILATION_CONDITIONS = DEBUG;
				SWIFT_OPTIMIZATION_LEVEL = "-Onone";
			};
			name = Debug;
		};
		F8DD42D6274DE3E0001C49B8 /* Release */ = {
			isa = XCBuildConfiguration;
			buildSettings = {
				ALWAYS_SEARCH_USER_PATHS = NO;
				CLANG_ANALYZER_NONNULL = YES;
				CLANG_ANALYZER_NUMBER_OBJECT_CONVERSION = YES_AGGRESSIVE;
				CLANG_CXX_LANGUAGE_STANDARD = "gnu++14";
				CLANG_CXX_LIBRARY = "libc++";
				CLANG_ENABLE_MODULES = YES;
				CLANG_ENABLE_OBJC_ARC = YES;
				CLANG_ENABLE_OBJC_WEAK = YES;
				CLANG_WARN_BLOCK_CAPTURE_AUTORELEASING = YES;
				CLANG_WARN_BOOL_CONVERSION = YES;
				CLANG_WARN_COMMA = YES;
				CLANG_WARN_CONSTANT_CONVERSION = YES;
				CLANG_WARN_DEPRECATED_OBJC_IMPLEMENTATIONS = YES;
				CLANG_WARN_DIRECT_OBJC_ISA_USAGE = YES_ERROR;
				CLANG_WARN_DOCUMENTATION_COMMENTS = YES;
				CLANG_WARN_EMPTY_BODY = YES;
				CLANG_WARN_ENUM_CONVERSION = YES;
				CLANG_WARN_INFINITE_RECURSION = YES;
				CLANG_WARN_INT_CONVERSION = YES;
				CLANG_WARN_NON_LITERAL_NULL_CONVERSION = YES;
				CLANG_WARN_OBJC_IMPLICIT_RETAIN_SELF = YES;
				CLANG_WARN_OBJC_LITERAL_CONVERSION = YES;
				CLANG_WARN_OBJC_ROOT_CLASS = YES_ERROR;
				CLANG_WARN_QUOTED_INCLUDE_IN_FRAMEWORK_HEADER = YES;
				CLANG_WARN_RANGE_LOOP_ANALYSIS = YES;
				CLANG_WARN_STRICT_PROTOTYPES = YES;
				CLANG_WARN_SUSPICIOUS_MOVE = YES;
				CLANG_WARN_UNGUARDED_AVAILABILITY = YES_AGGRESSIVE;
				CLANG_WARN_UNREACHABLE_CODE = YES;
				CLANG_WARN__DUPLICATE_METHOD_MATCH = YES;
				COPY_PHASE_STRIP = NO;
				DEBUG_INFORMATION_FORMAT = "dwarf-with-dsym";
				ENABLE_NS_ASSERTIONS = NO;
				ENABLE_STRICT_OBJC_MSGSEND = YES;
				GCC_C_LANGUAGE_STANDARD = gnu11;
				GCC_NO_COMMON_BLOCKS = YES;
				GCC_WARN_64_TO_32_BIT_CONVERSION = YES;
				GCC_WARN_ABOUT_RETURN_TYPE = YES_ERROR;
				GCC_WARN_UNDECLARED_SELECTOR = YES;
				GCC_WARN_UNINITIALIZED_AUTOS = YES_AGGRESSIVE;
				GCC_WARN_UNUSED_FUNCTION = YES;
				GCC_WARN_UNUSED_VARIABLE = YES;
				IPHONEOS_DEPLOYMENT_TARGET = 14.5;
				MTL_ENABLE_DEBUG_INFO = NO;
				MTL_FAST_MATH = YES;
				SDKROOT = iphoneos;
				SWIFT_COMPILATION_MODE = wholemodule;
				SWIFT_OPTIMIZATION_LEVEL = "-O";
				VALIDATE_PRODUCT = YES;
			};
			name = Release;
		};
		F8DD42D8274DE3E0001C49B8 /* Debug */ = {
			isa = XCBuildConfiguration;
			buildSettings = {
				ASSETCATALOG_COMPILER_APPICON_NAME = AppIcon;
				ASSETCATALOG_COMPILER_GLOBAL_ACCENT_COLOR_NAME = AccentColor;
				CODE_SIGN_STYLE = Automatic;
				DEVELOPMENT_ASSET_PATHS = "";
				DEVELOPMENT_TEAM = 49SB9U967X;
				INFOPLIST_FILE = cleanMVVM/Info.plist;
				LD_RUNPATH_SEARCH_PATHS = (
					"$(inherited)",
					"@executable_path/Frameworks",
				);
				PRODUCT_BUNDLE_IDENTIFIER = com.zeroxpstudio.cleanMVVM;
				PRODUCT_NAME = "$(TARGET_NAME)";
				SWIFT_VERSION = 5.0;
				TARGETED_DEVICE_FAMILY = "1,2";
			};
			name = Debug;
		};
		F8DD42D9274DE3E0001C49B8 /* Release */ = {
			isa = XCBuildConfiguration;
			buildSettings = {
				ASSETCATALOG_COMPILER_APPICON_NAME = AppIcon;
				ASSETCATALOG_COMPILER_GLOBAL_ACCENT_COLOR_NAME = AccentColor;
				CODE_SIGN_STYLE = Automatic;
				DEVELOPMENT_ASSET_PATHS = "";
				DEVELOPMENT_TEAM = 49SB9U967X;
				INFOPLIST_FILE = cleanMVVM/Info.plist;
				LD_RUNPATH_SEARCH_PATHS = (
					"$(inherited)",
					"@executable_path/Frameworks",
				);
				PRODUCT_BUNDLE_IDENTIFIER = com.zeroxpstudio.cleanMVVM;
				PRODUCT_NAME = "$(TARGET_NAME)";
				SWIFT_VERSION = 5.0;
				TARGETED_DEVICE_FAMILY = "1,2";
			};
			name = Release;
		};
		F8DD42DB274DE3E0001C49B8 /* Debug */ = {
			isa = XCBuildConfiguration;
			buildSettings = {
				ALWAYS_EMBED_SWIFT_STANDARD_LIBRARIES = YES;
				BUNDLE_LOADER = "$(TEST_HOST)";
				CODE_SIGN_STYLE = Automatic;
				DEVELOPMENT_TEAM = 49SB9U967X;
				INFOPLIST_FILE = cleanMVVMTests/Info.plist;
				IPHONEOS_DEPLOYMENT_TARGET = 14.5;
				LD_RUNPATH_SEARCH_PATHS = (
					"$(inherited)",
					"@executable_path/Frameworks",
					"@loader_path/Frameworks",
				);
				PRODUCT_BUNDLE_IDENTIFIER = com.zeroxpstudio.cleanMVVMTests;
				PRODUCT_NAME = "$(TARGET_NAME)";
				SWIFT_VERSION = 5.0;
				TARGETED_DEVICE_FAMILY = "1,2";
				TEST_HOST = "$(BUILT_PRODUCTS_DIR)/cleanMVVM.app/cleanMVVM";
			};
			name = Debug;
		};
		F8DD42DC274DE3E0001C49B8 /* Release */ = {
			isa = XCBuildConfiguration;
			buildSettings = {
				ALWAYS_EMBED_SWIFT_STANDARD_LIBRARIES = YES;
				BUNDLE_LOADER = "$(TEST_HOST)";
				CODE_SIGN_STYLE = Automatic;
				DEVELOPMENT_TEAM = 49SB9U967X;
				INFOPLIST_FILE = cleanMVVMTests/Info.plist;
				IPHONEOS_DEPLOYMENT_TARGET = 14.5;
				LD_RUNPATH_SEARCH_PATHS = (
					"$(inherited)",
					"@executable_path/Frameworks",
					"@loader_path/Frameworks",
				);
				PRODUCT_BUNDLE_IDENTIFIER = com.zeroxpstudio.cleanMVVMTests;
				PRODUCT_NAME = "$(TARGET_NAME)";
				SWIFT_VERSION = 5.0;
				TARGETED_DEVICE_FAMILY = "1,2";
				TEST_HOST = "$(BUILT_PRODUCTS_DIR)/cleanMVVM.app/cleanMVVM";
			};
			name = Release;
		};
		F8DD42DE274DE3E0001C49B8 /* Debug */ = {
			isa = XCBuildConfiguration;
			buildSettings = {
				ALWAYS_EMBED_SWIFT_STANDARD_LIBRARIES = YES;
				CODE_SIGN_STYLE = Automatic;
				DEVELOPMENT_TEAM = 49SB9U967X;
				INFOPLIST_FILE = cleanMVVMUITests/Info.plist;
				LD_RUNPATH_SEARCH_PATHS = (
					"$(inherited)",
					"@executable_path/Frameworks",
					"@loader_path/Frameworks",
				);
				PRODUCT_BUNDLE_IDENTIFIER = com.zeroxpstudio.cleanMVVMUITests;
				PRODUCT_NAME = "$(TARGET_NAME)";
				SWIFT_VERSION = 5.0;
				TARGETED_DEVICE_FAMILY = "1,2";
				TEST_TARGET_NAME = cleanMVVM;
			};
			name = Debug;
		};
		F8DD42DF274DE3E0001C49B8 /* Release */ = {
			isa = XCBuildConfiguration;
			buildSettings = {
				ALWAYS_EMBED_SWIFT_STANDARD_LIBRARIES = YES;
				CODE_SIGN_STYLE = Automatic;
				DEVELOPMENT_TEAM = 49SB9U967X;
				INFOPLIST_FILE = cleanMVVMUITests/Info.plist;
				LD_RUNPATH_SEARCH_PATHS = (
					"$(inherited)",
					"@executable_path/Frameworks",
					"@loader_path/Frameworks",
				);
				PRODUCT_BUNDLE_IDENTIFIER = com.zeroxpstudio.cleanMVVMUITests;
				PRODUCT_NAME = "$(TARGET_NAME)";
				SWIFT_VERSION = 5.0;
				TARGETED_DEVICE_FAMILY = "1,2";
				TEST_TARGET_NAME = cleanMVVM;
			};
			name = Release;
		};
/* End XCBuildConfiguration section */

/* Begin XCConfigurationList section */
		F8B22762274F2D4700C2492B /* Build configuration list for PBXNativeTarget "cleanMVVMIntegrationTests" */ = {
			isa = XCConfigurationList;
			buildConfigurations = (
				F8B22763274F2D4700C2492B /* Debug */,
				F8B22764274F2D4700C2492B /* Release */,
			);
			defaultConfigurationIsVisible = 0;
			defaultConfigurationName = Release;
		};
		F8DD42A8274DE3D9001C49B8 /* Build configuration list for PBXProject "cleanMVVM" */ = {
			isa = XCConfigurationList;
			buildConfigurations = (
				F8DD42D5274DE3E0001C49B8 /* Debug */,
				F8DD42D6274DE3E0001C49B8 /* Release */,
			);
			defaultConfigurationIsVisible = 0;
			defaultConfigurationName = Release;
		};
		F8DD42D7274DE3E0001C49B8 /* Build configuration list for PBXNativeTarget "cleanMVVM" */ = {
			isa = XCConfigurationList;
			buildConfigurations = (
				F8DD42D8274DE3E0001C49B8 /* Debug */,
				F8DD42D9274DE3E0001C49B8 /* Release */,
			);
			defaultConfigurationIsVisible = 0;
			defaultConfigurationName = Release;
		};
		F8DD42DA274DE3E0001C49B8 /* Build configuration list for PBXNativeTarget "cleanMVVMTests" */ = {
			isa = XCConfigurationList;
			buildConfigurations = (
				F8DD42DB274DE3E0001C49B8 /* Debug */,
				F8DD42DC274DE3E0001C49B8 /* Release */,
			);
			defaultConfigurationIsVisible = 0;
			defaultConfigurationName = Release;
		};
		F8DD42DD274DE3E0001C49B8 /* Build configuration list for PBXNativeTarget "cleanMVVMUITests" */ = {
			isa = XCConfigurationList;
			buildConfigurations = (
				F8DD42DE274DE3E0001C49B8 /* Debug */,
				F8DD42DF274DE3E0001C49B8 /* Release */,
			);
			defaultConfigurationIsVisible = 0;
			defaultConfigurationName = Release;
		};
/* End XCConfigurationList section */
	};
	rootObject = F8DD42A5274DE3D9001C49B8 /* Project object */;
}
